{
  "name": "advanced_validator",
  "version": "1.0.0",
  "lockfileVersion": 2,
  "requires": true,
  "packages": {
    "": {
      "version": "1.0.0",
      "license": "ISC",
      "dependencies": {
        "advanced_validator": "^1.0.0"
      }
    },
    "node_modules/advanced_validator": {
      "version": "1.0.0",
      "resolved": "https://registry.npmjs.org/advanced_validator/-/advanced_validator-1.0.0.tgz",
      "integrity": "sha512-eS2morxc9dIli40m05bAfvukh4Cd6cbUQPN0lf78u9QTRPyikS6EFeqKf9p2flVHQX9spStE4R4ZCNJXgFawng=="
    }
  },
  "dependencies": {
    "advanced_validator": {
      "version": "1.0.0",
      "resolved": "https://registry.npmjs.org/advanced_validator/-/advanced_validator-1.0.0.tgz",
      "integrity": "sha512-eS2morxc9dIli40m05bAfvukh4Cd6cbUQPN0lf78u9QTRPyikS6EFeqKf9p2flVHQX9spStE4R4ZCNJXgFawng=="
    }
  }
}
